
Microsoft Visual Studio Solution File, Format Version 12.00
# Visual Studio Version 17
VisualStudioVersion = 17.5.002.0
MinimumVisualStudioVersion = 10.0.40219.1
Project("{2150E333-8FDC-42A3-9474-1A3956D46DE8}") = "Labfiles", "Labfiles", "{66E380D3-4AB2-435B-BA91-967D5883B336}"
EndProject
Project("{2150E333-8FDC-42A3-9474-1A3956D46DE8}") = "01-analyze-text", "01-analyze-text", "{6345AD22-7C49-4E04-A7D2-5FACDB5BD826}"
EndProject
Project("{9A19103F-16F7-4668-BE54-9A1E7A4F7556}") = "C-Sharp", "Labfiles\01-analyze-text\C-Sharp\C-Sharp.csproj", "{38F4F254-4D54-4399-82DA-BD1C2D579337}"
EndProject
Project("{2150E333-8FDC-42A3-9474-1A3956D46DE8}") = "06b-translator-sdk", "06b-translator-sdk", "{759D3B46-9442-45E5-9756-0F76075C91D1}"
EndProject
Project("{2150E333-8FDC-42A3-9474-1A3956D46DE8}") = "C-Sharp", "C-Sharp", "{38EAF24E-194E-4219-A1AA-789918605DCE}"
EndProject
Project("{9A19103F-16F7-4668-BE54-9A1E7A4F7556}") = "translate_text", "Labfiles\06b-translator-sdk\C-Sharp\translate-text\translate_text.csproj", "{20242A62-F5E8-45D3-A608-9EC1407A3F22}"
EndProject
Project("{2150E333-8FDC-42A3-9474-1A3956D46DE8}") = "08-speech-translation", "08-speech-translation", "{3D924903-E132-465A-9A74-39821A5A73AA}"
EndProject
Project("{2150E333-8FDC-42A3-9474-1A3956D46DE8}") = "C-Sharp", "C-Sharp", "{AA082276-E149-401A-8D7B-77DB40B9AFF5}"
EndProject
Project("{9A19103F-16F7-4668-BE54-9A1E7A4F7556}") = "translator", "Labfiles\08-speech-translation\C-Sharp\translator\translator.csproj", "{03F4E691-C114-4FAB-8608-860A99FFCFF8}"
EndProject
Project("{2150E333-8FDC-42A3-9474-1A3956D46DE8}") = "04-text-classification", "04-text-classification", "{92096B4E-4B2D-4BE0-85B7-6E18AF15F3BF}"
EndProject
Project("{2150E333-8FDC-42A3-9474-1A3956D46DE8}") = "C-Sharp", "C-Sharp", "{C788641C-B80A-45CC-814D-E7204DD70866}"
EndProject
Project("{9A19103F-16F7-4668-BE54-9A1E7A4F7556}") = "classify-text", "Labfiles\04-text-classification\C-Sharp\classify-text\classify-text.csproj", "{1486DA00-05A7-49FF-992F-97DA8784B789}"
EndProject
Project("{2150E333-8FDC-42A3-9474-1A3956D46DE8}") = "03-language", "03-language", "{9F6BF85E-3D60-4E75-BB51-215C4F32FE1F}"
EndProject
Project("{2150E333-8FDC-42A3-9474-1A3956D46DE8}") = "C-Sharp", "C-Sharp", "{9D5F89D4-1839-42BE-9CB4-57E3830E7603}"
EndProject
Project("{9A19103F-16F7-4668-BE54-9A1E7A4F7556}") = "clock_client", "Labfiles\03-language\C-Sharp\clock-client\clock_client.csproj", "{16CCB0B1-7541-404A-8D31-109419677C15}"
EndProject
Project("{2150E333-8FDC-42A3-9474-1A3956D46DE8}") = "C-Sharp (1)", "C-Sharp", "{0B88FB08-3353-4DEB-8826-6E89365CFEC0}"
EndProject
Project("{9A19103F-16F7-4668-BE54-9A1E7A4F7556}") = "text-analysis", "Labfiles\01-analyze-text\C-Sharp\text-analysis\text-analysis.csproj", "{E5A65E5E-8F5C-4EE4-B2BF-A4E28EDB58C3}"
EndProject
Project("{2150E333-8FDC-42A3-9474-1A3956D46DE8}") = "07-speech", "07-speech", "{E10DFFD1-AC48-4B35-BCCD-8AA525CE35DC}"
EndProject
Project("{2150E333-8FDC-42A3-9474-1A3956D46DE8}") = "C-Sharp", "C-Sharp", "{11B55752-855F-4A1F-AE72-007A3B1B1813}"
EndProject
Project("{9A19103F-16F7-4668-BE54-9A1E7A4F7556}") = "speaking-clock", "Labfiles\07-speech\C-Sharp\speaking-clock\speaking-clock.csproj", "{058AB953-96B3-4E9F-B889-36688DBD675E}"
EndProject
Project("{2150E333-8FDC-42A3-9474-1A3956D46DE8}") = "06-translate-text", "06-translate-text", "{778C39E9-D6BE-4A4A-A173-363517539951}"
EndProject
Project("{2150E333-8FDC-42A3-9474-1A3956D46DE8}") = "C-Sharp", "C-Sharp", "{D3BE2DBB-0141-4E9B-8DDD-2ACE57C46198}"
EndProject
Project("{9A19103F-16F7-4668-BE54-9A1E7A4F7556}") = "translate_text", "Labfiles\06-translate-text\C-Sharp\text-translation\translate_text.csproj", "{3F872422-5197-4799-9F9E-54C6B0481637}"
EndProject
Project("{2150E333-8FDC-42A3-9474-1A3956D46DE8}") = "05-custom-entity-recognition", "05-custom-entity-recognition", "{3E5B42D7-1356-43A4-B15B-E2B7745DD3A0}"
EndProject
Project("{2150E333-8FDC-42A3-9474-1A3956D46DE8}") = "C-Sharp", "C-Sharp", "{895E074D-D339-4371-99CE-CE4C130260AD}"
EndProject
Project("{9A19103F-16F7-4668-BE54-9A1E7A4F7556}") = "custom-entities", "Labfiles\05-custom-entity-recognition\C-Sharp\custom-entities\custom-entities.csproj", "{AFF7E385-B66F-43D8-8BC6-7733CCA57AC2}"
EndProject
Project("{2150E333-8FDC-42A3-9474-1A3956D46DE8}") = "02-qna", "02-qna", "{1D275153-69B4-40B2-9F21-4436301A338A}"
EndProject
Project("{2150E333-8FDC-42A3-9474-1A3956D46DE8}") = "C-Sharp", "C-Sharp", "{0EC6B71E-2B6C-46EB-B639-96512AEC5018}"
EndProject
Project("{9A19103F-16F7-4668-BE54-9A1E7A4F7556}") = "qna-app", "Labfiles\02-qna\C-Sharp\qna-app\qna-app.csproj", "{32B17A31-6462-438F-8F2F-DD847E58B4F5}"
EndProject
Global
	GlobalSection(SolutionConfigurationPlatforms) = preSolution
		Debug|Any CPU = Debug|Any CPU
		Release|Any CPU = Release|Any CPU
	EndGlobalSection
	GlobalSection(ProjectConfigurationPlatforms) = postSolution
		{38F4F254-4D54-4399-82DA-BD1C2D579337}.Debug|Any CPU.ActiveCfg = Debug|Any CPU
		{38F4F254-4D54-4399-82DA-BD1C2D579337}.Debug|Any CPU.Build.0 = Debug|Any CPU
		{38F4F254-4D54-4399-82DA-BD1C2D579337}.Release|Any CPU.ActiveCfg = Release|Any CPU
		{38F4F254-4D54-4399-82DA-BD1C2D579337}.Release|Any CPU.Build.0 = Release|Any CPU
		{20242A62-F5E8-45D3-A608-9EC1407A3F22}.Debug|Any CPU.ActiveCfg = Debug|Any CPU
		{20242A62-F5E8-45D3-A608-9EC1407A3F22}.Debug|Any CPU.Build.0 = Debug|Any CPU
		{20242A62-F5E8-45D3-A608-9EC1407A3F22}.Release|Any CPU.ActiveCfg = Release|Any CPU
		{20242A62-F5E8-45D3-A608-9EC1407A3F22}.Release|Any CPU.Build.0 = Release|Any CPU
		{03F4E691-C114-4FAB-8608-860A99FFCFF8}.Debug|Any CPU.ActiveCfg = Debug|Any CPU
		{03F4E691-C114-4FAB-8608-860A99FFCFF8}.Debug|Any CPU.Build.0 = Debug|Any CPU
		{03F4E691-C114-4FAB-8608-860A99FFCFF8}.Release|Any CPU.ActiveCfg = Release|Any CPU
		{03F4E691-C114-4FAB-8608-860A99FFCFF8}.Release|Any CPU.Build.0 = Release|Any CPU
		{1486DA00-05A7-49FF-992F-97DA8784B789}.Debug|Any CPU.ActiveCfg = Debug|Any CPU
		{1486DA00-05A7-49FF-992F-97DA8784B789}.Debug|Any CPU.Build.0 = Debug|Any CPU
		{1486DA00-05A7-49FF-992F-97DA8784B789}.Release|Any CPU.ActiveCfg = Release|Any CPU
		{1486DA00-05A7-49FF-992F-97DA8784B789}.Release|Any CPU.Build.0 = Release|Any CPU
		{16CCB0B1-7541-404A-8D31-109419677C15}.Debug|Any CPU.ActiveCfg = Debug|Any CPU
		{16CCB0B1-7541-404A-8D31-109419677C15}.Debug|Any CPU.Build.0 = Debug|Any CPU
		{16CCB0B1-7541-404A-8D31-109419677C15}.Release|Any CPU.ActiveCfg = Release|Any CPU
		{16CCB0B1-7541-404A-8D31-109419677C15}.Release|Any CPU.Build.0 = Release|Any CPU
		{E5A65E5E-8F5C-4EE4-B2BF-A4E28EDB58C3}.Debug|Any CPU.ActiveCfg = Debug|Any CPU
		{E5A65E5E-8F5C-4EE4-B2BF-A4E28EDB58C3}.Debug|Any CPU.Build.0 = Debug|Any CPU
		{E5A65E5E-8F5C-4EE4-B2BF-A4E28EDB58C3}.Release|Any CPU.ActiveCfg = Release|Any CPU
		{E5A65E5E-8F5C-4EE4-B2BF-A4E28EDB58C3}.Release|Any CPU.Build.0 = Release|Any CPU
		{058AB953-96B3-4E9F-B889-36688DBD675E}.Debug|Any CPU.ActiveCfg = Debug|Any CPU
		{058AB953-96B3-4E9F-B889-36688DBD675E}.Debug|Any CPU.Build.0 = Debug|Any CPU
		{058AB953-96B3-4E9F-B889-36688DBD675E}.Release|Any CPU.ActiveCfg = Release|Any CPU
		{058AB953-96B3-4E9F-B889-36688DBD675E}.Release|Any CPU.Build.0 = Release|Any CPU
		{3F872422-5197-4799-9F9E-54C6B0481637}.Debug|Any CPU.ActiveCfg = Debug|Any CPU
		{3F872422-5197-4799-9F9E-54C6B0481637}.Debug|Any CPU.Build.0 = Debug|Any CPU
		{3F872422-5197-4799-9F9E-54C6B0481637}.Release|Any CPU.ActiveCfg = Release|Any CPU
		{3F872422-5197-4799-9F9E-54C6B0481637}.Release|Any CPU.Build.0 = Release|Any CPU
		{AFF7E385-B66F-43D8-8BC6-7733CCA57AC2}.Debug|Any CPU.ActiveCfg = Debug|Any CPU
		{AFF7E385-B66F-43D8-8BC6-7733CCA57AC2}.Debug|Any CPU.Build.0 = Debug|Any CPU
		{AFF7E385-B66F-43D8-8BC6-7733CCA57AC2}.Release|Any CPU.ActiveCfg = Release|Any CPU
		{AFF7E385-B66F-43D8-8BC6-7733CCA57AC2}.Release|Any CPU.Build.0 = Release|Any CPU
		{32B17A31-6462-438F-8F2F-DD847E58B4F5}.Debug|Any CPU.ActiveCfg = Debug|Any CPU
		{32B17A31-6462-438F-8F2F-DD847E58B4F5}.Debug|Any CPU.Build.0 = Debug|Any CPU
		{32B17A31-6462-438F-8F2F-DD847E58B4F5}.Release|Any CPU.ActiveCfg = Release|Any CPU
		{32B17A31-6462-438F-8F2F-DD847E58B4F5}.Release|Any CPU.Build.0 = Release|Any CPU
	EndGlobalSection
	GlobalSection(SolutionProperties) = preSolution
		HideSolutionNode = FALSE
	EndGlobalSection
	GlobalSection(NestedProjects) = preSolution
		{6345AD22-7C49-4E04-A7D2-5FACDB5BD826} = {66E380D3-4AB2-435B-BA91-967D5883B336}
		{38F4F254-4D54-4399-82DA-BD1C2D579337} = {6345AD22-7C49-4E04-A7D2-5FACDB5BD826}
		{759D3B46-9442-45E5-9756-0F76075C91D1} = {66E380D3-4AB2-435B-BA91-967D5883B336}
		{38EAF24E-194E-4219-A1AA-789918605DCE} = {759D3B46-9442-45E5-9756-0F76075C91D1}
		{20242A62-F5E8-45D3-A608-9EC1407A3F22} = {38EAF24E-194E-4219-A1AA-789918605DCE}
		{3D924903-E132-465A-9A74-39821A5A73AA} = {66E380D3-4AB2-435B-BA91-967D5883B336}
		{AA082276-E149-401A-8D7B-77DB40B9AFF5} = {3D924903-E132-465A-9A74-39821A5A73AA}
		{03F4E691-C114-4FAB-8608-860A99FFCFF8} = {AA082276-E149-401A-8D7B-77DB40B9AFF5}
		{92096B4E-4B2D-4BE0-85B7-6E18AF15F3BF} = {66E380D3-4AB2-435B-BA91-967D5883B336}
		{C788641C-B80A-45CC-814D-E7204DD70866} = {92096B4E-4B2D-4BE0-85B7-6E18AF15F3BF}
		{1486DA00-05A7-49FF-992F-97DA8784B789} = {C788641C-B80A-45CC-814D-E7204DD70866}
		{9F6BF85E-3D60-4E75-BB51-215C4F32FE1F} = {66E380D3-4AB2-435B-BA91-967D5883B336}
		{9D5F89D4-1839-42BE-9CB4-57E3830E7603} = {9F6BF85E-3D60-4E75-BB51-215C4F32FE1F}
		{16CCB0B1-7541-404A-8D31-109419677C15} = {9D5F89D4-1839-42BE-9CB4-57E3830E7603}
		{0B88FB08-3353-4DEB-8826-6E89365CFEC0} = {6345AD22-7C49-4E04-A7D2-5FACDB5BD826}
		{E5A65E5E-8F5C-4EE4-B2BF-A4E28EDB58C3} = {0B88FB08-3353-4DEB-8826-6E89365CFEC0}
		{E10DFFD1-AC48-4B35-BCCD-8AA525CE35DC} = {66E380D3-4AB2-435B-BA91-967D5883B336}
		{11B55752-855F-4A1F-AE72-007A3B1B1813} = {E10DFFD1-AC48-4B35-BCCD-8AA525CE35DC}
		{058AB953-96B3-4E9F-B889-36688DBD675E} = {11B55752-855F-4A1F-AE72-007A3B1B1813}
		{778C39E9-D6BE-4A4A-A173-363517539951} = {66E380D3-4AB2-435B-BA91-967D5883B336}
		{D3BE2DBB-0141-4E9B-8DDD-2ACE57C46198} = {778C39E9-D6BE-4A4A-A173-363517539951}
		{3F872422-5197-4799-9F9E-54C6B0481637} = {D3BE2DBB-0141-4E9B-8DDD-2ACE57C46198}
		{3E5B42D7-1356-43A4-B15B-E2B7745DD3A0} = {66E380D3-4AB2-435B-BA91-967D5883B336}
		{895E074D-D339-4371-99CE-CE4C130260AD} = {3E5B42D7-1356-43A4-B15B-E2B7745DD3A0}
		{AFF7E385-B66F-43D8-8BC6-7733CCA57AC2} = {895E074D-D339-4371-99CE-CE4C130260AD}
		{1D275153-69B4-40B2-9F21-4436301A338A} = {66E380D3-4AB2-435B-BA91-967D5883B336}
		{0EC6B71E-2B6C-46EB-B639-96512AEC5018} = {1D275153-69B4-40B2-9F21-4436301A338A}
		{32B17A31-6462-438F-8F2F-DD847E58B4F5} = {0EC6B71E-2B6C-46EB-B639-96512AEC5018}
	EndGlobalSection
	GlobalSection(ExtensibilityGlobals) = postSolution
		SolutionGuid = {447E26E5-986A-451B-8DD4-6C9DA4680047}
	EndGlobalSection
EndGlobal
